// !$*UTF8*$!
{
	archiveVersion = 1;
	classes = {
	};
	objectVersion = 50;
	objects = {

/* Begin PBXBuildFile section */
		92DA591F23E3FCBB002B571D /* AppDelegate.swift in Sources */ = {isa = PBXBuildFile; fileRef = 92DA591E23E3FCBB002B571D /* AppDelegate.swift */; };
		92DA592123E3FCBB002B571D /* SceneDelegate.swift in Sources */ = {isa = PBXBuildFile; fileRef = 92DA592023E3FCBB002B571D /* SceneDelegate.swift */; };
		92DA592323E3FCBB002B571D /* ContentView.swift in Sources */ = {isa = PBXBuildFile; fileRef = 92DA592223E3FCBB002B571D /* ContentView.swift */; };
		92DA592523E3FCBF002B571D /* Assets.xcassets in Resources */ = {isa = PBXBuildFile; fileRef = 92DA592423E3FCBF002B571D /* Assets.xcassets */; };
		92DA592823E3FCBF002B571D /* Preview Assets.xcassets in Resources */ = {isa = PBXBuildFile; fileRef = 92DA592723E3FCBF002B571D /* Preview Assets.xcassets */; };
		92DA592B23E3FCBF002B571D /* LaunchScreen.storyboard in Resources */ = {isa = PBXBuildFile; fileRef = 92DA592923E3FCBF002B571D /* LaunchScreen.storyboard */; };
		92DA593623E3FCC0002B571D /* LearningTests.swift in Sources */ = {isa = PBXBuildFile; fileRef = 92DA593523E3FCC0002B571D /* LearningTests.swift */; };
		92DA594123E3FCC0002B571D /* LearningUITests.swift in Sources */ = {isa = PBXBuildFile; fileRef = 92DA594023E3FCC0002B571D /* LearningUITests.swift */; };
/* End PBXBuildFile section */

/* Begin PBXContainerItemProxy section */
		92DA593223E3FCC0002B571D /* PBXContainerItemProxy */ = {
			isa = PBXContainerItemProxy;
			containerPortal = 92DA591323E3FCBB002B571D /* Project object */;
			proxyType = 1;
			remoteGlobalIDString = 92DA591A23E3FCBB002B571D;
			remoteInfo = Learning;
		};
		92DA593D23E3FCC0002B571D /* PBXContainerItemProxy */ = {
			isa = PBXContainerItemProxy;
			containerPortal = 92DA591323E3FCBB002B571D /* Project object */;
			proxyType = 1;
			remoteGlobalIDString = 92DA591A23E3FCBB002B571D;
			remoteInfo = Learning;
		};
/* End PBXContainerItemProxy section */

/* Begin PBXFileReference section */
		92DA591B23E3FCBB002B571D /* Learning.app */ = {isa = PBXFileReference; explicitFileType = wrapper.application; includeInIndex = 0; path = Learning.app; sourceTree = BUILT_PRODUCTS_DIR; };
		92DA591E23E3FCBB002B571D /* AppDelegate.swift */ = {isa = PBXFileReference; lastKnownFileType = sourcecode.swift; path = AppDelegate.swift; sourceTree = "<group>"; };
		92DA592023E3FCBB002B571D /* SceneDelegate.swift */ = {isa = PBXFileReference; lastKnownFileType = sourcecode.swift; path = SceneDelegate.swift; sourceTree = "<group>"; };
		92DA592223E3FCBB002B571D /* ContentView.swift */ = {isa = PBXFileReference; lastKnownFileType = sourcecode.swift; path = ContentView.swift; sourceTree = "<group>"; };
		92DA592423E3FCBF002B571D /* Assets.xcassets */ = {isa = PBXFileReference; lastKnownFileType = folder.assetcatalog; path = Assets.xcassets; sourceTree = "<group>"; };
		92DA592723E3FCBF002B571D /* Preview Assets.xcassets */ = {isa = PBXFileReference; lastKnownFileType = folder.assetcatalog; path = "Preview Assets.xcassets"; sourceTree = "<group>"; };
		92DA592A23E3FCBF002B571D /* Base */ = {isa = PBXFileReference; lastKnownFileType = file.storyboard; name = Base; path = Base.lproj/LaunchScreen.storyboard; sourceTree = "<group>"; };
		92DA592C23E3FCBF002B571D /* Info.plist */ = {isa = PBXFileReference; lastKnownFileType = text.plist.xml; path = Info.plist; sourceTree = "<group>"; };
		92DA593123E3FCC0002B571D /* LearningTests.xctest */ = {isa = PBXFileReference; explicitFileType = wrapper.cfbundle; includeInIndex = 0; path = LearningTests.xctest; sourceTree = BUILT_PRODUCTS_DIR; };
		92DA593523E3FCC0002B571D /* LearningTests.swift */ = {isa = PBXFileReference; lastKnownFileType = sourcecode.swift; path = LearningTests.swift; sourceTree = "<group>"; };
		92DA593723E3FCC0002B571D /* Info.plist */ = {isa = PBXFileReference; lastKnownFileType = text.plist.xml; path = Info.plist; sourceTree = "<group>"; };
		92DA593C23E3FCC0002B571D /* LearningUITests.xctest */ = {isa = PBXFileReference; explicitFileType = wrapper.cfbundle; includeInIndex = 0; path = LearningUITests.xctest; sourceTree = BUILT_PRODUCTS_DIR; };
		92DA594023E3FCC0002B571D /* LearningUITests.swift */ = {isa = PBXFileReference; lastKnownFileType = sourcecode.swift; path = LearningUITests.swift; sourceTree = "<group>"; };
		92DA594223E3FCC0002B571D /* Info.plist */ = {isa = PBXFileReference; lastKnownFileType = text.plist.xml; path = Info.plist; sourceTree = "<group>"; };
/* End PBXFileReference section */

/* Begin PBXFrameworksBuildPhase section */
		92DA591823E3FCBB002B571D /* Frameworks */ = {
			isa = PBXFrameworksBuildPhase;
			buildActionMask = 2147483647;
			files = (
			);
			runOnlyForDeploymentPostprocessing = 0;
		};
		92DA592E23E3FCC0002B571D /* Frameworks */ = {
			isa = PBXFrameworksBuildPhase;
			buildActionMask = 2147483647;
			files = (
			);
			runOnlyForDeploymentPostprocessing = 0;
		};
		92DA593923E3FCC0002B571D /* Frameworks */ = {
			isa = PBXFrameworksBuildPhase;
			buildActionMask = 2147483647;
			files = (
			);
			runOnlyForDeploymentPostprocessing = 0;
		};
/* End PBXFrameworksBuildPhase section */

/* Begin PBXGroup section */
		92DA591223E3FCBB002B571D = {
			isa = PBXGroup;
			children = (
				92DA591D23E3FCBB002B571D /* Learning */,
				92DA593423E3FCC0002B571D /* LearningTests */,
				92DA593F23E3FCC0002B571D /* LearningUITests */,
				92DA591C23E3FCBB002B571D /* Products */,
			);
			sourceTree = "<group>";
		};
		92DA591C23E3FCBB002B571D /* Products */ = {
			isa = PBXGroup;
			children = (
				92DA591B23E3FCBB002B571D /* Learning.app */,
				92DA593123E3FCC0002B571D /* LearningTests.xctest */,
				92DA593C23E3FCC0002B571D /* LearningUITests.xctest */,
			);
			name = Products;
			sourceTree = "<group>";
		};
		92DA591D23E3FCBB002B571D /* Learning */ = {
			isa = PBXGroup;
			children = (
				92DA591E23E3FCBB002B571D /* AppDelegate.swift */,
				92DA592023E3FCBB002B571D /* SceneDelegate.swift */,
				92DA592223E3FCBB002B571D /* ContentView.swift */,
				92DA592423E3FCBF002B571D /* Assets.xcassets */,
				92DA592923E3FCBF002B571D /* LaunchScreen.storyboard */,
				92DA592C23E3FCBF002B571D /* Info.plist */,
				92DA592623E3FCBF002B571D /* Preview Content */,
			);
			path = Learning;
			sourceTree = "<group>";
		};
		92DA592623E3FCBF002B571D /* Preview Content */ = {
			isa = PBXGroup;
			children = (
				92DA592723E3FCBF002B571D /* Preview Assets.xcassets */,
			);
			path = "Preview Content";
			sourceTree = "<group>";
		};
		92DA593423E3FCC0002B571D /* LearningTests */ = {
			isa = PBXGroup;
			children = (
				92DA593523E3FCC0002B571D /* LearningTests.swift */,
				92DA593723E3FCC0002B571D /* Info.plist */,
			);
			path = LearningTests;
			sourceTree = "<group>";
		};
		92DA593F23E3FCC0002B571D /* LearningUITests */ = {
			isa = PBXGroup;
			children = (
				92DA594023E3FCC0002B571D /* LearningUITests.swift */,
				92DA594223E3FCC0002B571D /* Info.plist */,
			);
			path = LearningUITests;
			sourceTree = "<group>";
		};
/* End PBXGroup section */

/* Begin PBXNativeTarget section */
		92DA591A23E3FCBB002B571D /* Learning */ = {
			isa = PBXNativeTarget;
			buildConfigurationList = 92DA594523E3FCC0002B571D /* Build configuration list for PBXNativeTarget "Learning" */;
			buildPhases = (
				92DA591723E3FCBB002B571D /* Sources */,
				92DA591823E3FCBB002B571D /* Frameworks */,
				92DA591923E3FCBB002B571D /* Resources */,
			);
			buildRules = (
			);
			dependencies = (
			);
			name = Learning;
			productName = Learning;
			productReference = 92DA591B23E3FCBB002B571D /* Learning.app */;
			productType = "com.apple.product-type.application";
		};
		92DA593023E3FCC0002B571D /* LearningTests */ = {
			isa = PBXNativeTarget;
			buildConfigurationList = 92DA594823E3FCC0002B571D /* Build configuration list for PBXNativeTarget "LearningTests" */;
			buildPhases = (
				92DA592D23E3FCC0002B571D /* Sources */,
				92DA592E23E3FCC0002B571D /* Frameworks */,
				92DA592F23E3FCC0002B571D /* Resources */,
			);
			buildRules = (
			);
			dependencies = (
				92DA593323E3FCC0002B571D /* PBXTargetDependency */,
			);
			name = LearningTests;
			productName = LearningTests;
			productReference = 92DA593123E3FCC0002B571D /* LearningTests.xctest */;
			productType = "com.apple.product-type.bundle.unit-test";
		};
		92DA593B23E3FCC0002B571D /* LearningUITests */ = {
			isa = PBXNativeTarget;
			buildConfigurationList = 92DA594B23E3FCC0002B571D /* Build configuration list for PBXNativeTarget "LearningUITests" */;
			buildPhases = (
				92DA593823E3FCC0002B571D /* Sources */,
				92DA593923E3FCC0002B571D /* Frameworks */,
				92DA593A23E3FCC0002B571D /* Resources */,
			);
			buildRules = (
			);
			dependencies = (
				92DA593E23E3FCC0002B571D /* PBXTargetDependency */,
			);
			name = LearningUITests;
			productName = LearningUITests;
			productReference = 92DA593C23E3FCC0002B571D /* LearningUITests.xctest */;
			productType = "com.apple.product-type.bundle.ui-testing";
		};
/* End PBXNativeTarget section */

/* Begin PBXProject section */
		92DA591323E3FCBB002B571D /* Project object */ = {
			isa = PBXProject;
			attributes = {
				LastSwiftUpdateCheck = 1130;
				LastUpgradeCheck = 1130;
				ORGANIZATIONNAME = "Sarim Khan";
				TargetAttributes = {
					92DA591A23E3FCBB002B571D = {
						CreatedOnToolsVersion = 11.3;
					};
					92DA593023E3FCC0002B571D = {
						CreatedOnToolsVersion = 11.3;
						TestTargetID = 92DA591A23E3FCBB002B571D;
					};
					92DA593B23E3FCC0002B571D = {
						CreatedOnToolsVersion = 11.3;
						TestTargetID = 92DA591A23E3FCBB002B571D;
					};
				};
			};
			buildConfigurationList = 92DA591623E3FCBB002B571D /* Build configuration list for PBXProject "Learning" */;
			compatibilityVersion = "Xcode 9.3";
			developmentRegion = en;
			hasScannedForEncodings = 0;
			knownRegions = (
				en,
				Base,
			);
			mainGroup = 92DA591223E3FCBB002B571D;
			productRefGroup = 92DA591C23E3FCBB002B571D /* Products */;
			projectDirPath = "";
			projectRoot = "";
			targets = (
				92DA591A23E3FCBB002B571D /* Learning */,
				92DA593023E3FCC0002B571D /* LearningTests */,
				92DA593B23E3FCC0002B571D /* LearningUITests */,
			);
		};
/* End PBXProject section */

/* Begin PBXResourcesBuildPhase section */
		92DA591923E3FCBB002B571D /* Resources */ = {
			isa = PBXResourcesBuildPhase;
			buildActionMask = 2147483647;
			files = (
				92DA592B23E3FCBF002B571D /* LaunchScreen.storyboard in Resources */,
				92DA592823E3FCBF002B571D /* Preview Assets.xcassets in Resources */,
				92DA592523E3FCBF002B571D /* Assets.xcassets in Resources */,
			);
			runOnlyForDeploymentPostprocessing = 0;
		};
		92DA592F23E3FCC0002B571D /* Resources */ = {
			isa = PBXResourcesBuildPhase;
			buildActionMask = 2147483647;
			files = (
			);
			runOnlyForDeploymentPostprocessing = 0;
		};
		92DA593A23E3FCC0002B571D /* Resources */ = {
			isa = PBXResourcesBuildPhase;
			buildActionMask = 2147483647;
			files = (
			);
			runOnlyForDeploymentPostprocessing = 0;
		};
/* End PBXResourcesBuildPhase section */

/* Begin PBXSourcesBuildPhase section */
		92DA591723E3FCBB002B571D /* Sources */ = {
			isa = PBXSourcesBuildPhase;
			buildActionMask = 2147483647;
			files = (
				92DA591F23E3FCBB002B571D /* AppDelegate.swift in Sources */,
				92DA592123E3FCBB002B571D /* SceneDelegate.swift in Sources */,
				92DA592323E3FCBB002B571D /* ContentView.swift in Sources */,
			);
			runOnlyForDeploymentPostprocessing = 0;
		};
		92DA592D23E3FCC0002B571D /* Sources */ = {
			isa = PBXSourcesBuildPhase;
			buildActionMask = 2147483647;
			files = (
				92DA593623E3FCC0002B571D /* LearningTests.swift in Sources */,
			);
			runOnlyForDeploymentPostprocessing = 0;
		};
		92DA593823E3FCC0002B571D /* Sources */ = {
			isa = PBXSourcesBuildPhase;
			buildActionMask = 2147483647;
			files = (
				92DA594123E3FCC0002B571D /* LearningUITests.swift in Sources */,
			);
			runOnlyForDeploymentPostprocessing = 0;
		};
/* End PBXSourcesBuildPhase section */

/* Begin PBXTargetDependency section */
		92DA593323E3FCC0002B571D /* PBXTargetDependency */ = {
			isa = PBXTargetDependency;
			target = 92DA591A23E3FCBB002B571D /* Learning */;
			targetProxy = 92DA593223E3FCC0002B571D /* PBXContainerItemProxy */;
		};
		92DA593E23E3FCC0002B571D /* PBXTargetDependency */ = {
			isa = PBXTargetDependency;
			target = 92DA591A23E3FCBB002B571D /* Learning */;
			targetProxy = 92DA593D23E3FCC0002B571D /* PBXContainerItemProxy */;
		};
/* End PBXTargetDependency section */

/* Begin PBXVariantGroup section */
		92DA592923E3FCBF002B571D /* LaunchScreen.storyboard */ = {
			isa = PBXVariantGroup;
			children = (
				92DA592A23E3FCBF002B571D /* Base */,
			);
			name = LaunchScreen.storyboard;
			sourceTree = "<group>";
		};
/* End PBXVariantGroup section */

/* Begin XCBuildConfiguration section */
		92DA594323E3FCC0002B571D /* Debug */ = {
			isa = XCBuildConfiguration;
			buildSettings = {
				ALWAYS_SEARCH_USER_PATHS = NO;
				CLANG_ANALYZER_NONNULL = YES;
				CLANG_ANALYZER_NUMBER_OBJECT_CONVERSION = YES_AGGRESSIVE;
				CLANG_CXX_LANGUAGE_STANDARD = "gnu++14";
				CLANG_CXX_LIBRARY = "libc++";
				CLANG_ENABLE_MODULES = YES;
				CLANG_ENABLE_OBJC_ARC = YES;
				CLANG_ENABLE_OBJC_WEAK = YES;
				CLANG_WARN_BLOCK_CAPTURE_AUTORELEASING = YES;
				CLANG_WARN_BOOL_CONVERSION = YES;
				CLANG_WARN_COMMA = YES;
				CLANG_WARN_CONSTANT_CONVERSION = YES;
				CLANG_WARN_DEPRECATED_OBJC_IMPLEMENTATIONS = YES;
				CLANG_WARN_DIRECT_OBJC_ISA_USAGE = YES_ERROR;
				CLANG_WARN_DOCUMENTATION_COMMENTS = YES;
				CLANG_WARN_EMPTY_BODY = YES;
				CLANG_WARN_ENUM_CONVERSION = YES;
				CLANG_WARN_INFINITE_RECURSION = YES;
				CLANG_WARN_INT_CONVERSION = YES;
				CLANG_WARN_NON_LITERAL_NULL_CONVERSION = YES;
				CLANG_WARN_OBJC_IMPLICIT_RETAIN_SELF = YES;
				CLANG_WARN_OBJC_LITERAL_CONVERSION = YES;
				CLANG_WARN_OBJC_ROOT_CLASS = YES_ERROR;
				CLANG_WARN_RANGE_LOOP_ANALYSIS = YES;
				CLANG_WARN_STRICT_PROTOTYPES = YES;
				CLANG_WARN_SUSPICIOUS_MOVE = YES;
				CLANG_WARN_UNGUARDED_AVAILABILITY = YES_AGGRESSIVE;
				CLANG_WARN_UNREACHABLE_CODE = YES;
				CLANG_WARN__DUPLICATE_METHOD_MATCH = YES;
				COPY_PHASE_STRIP = NO;
				DEBUG_INFORMATION_FORMAT = dwarf;
				ENABLE_STRICT_OBJC_MSGSEND = YES;
				ENABLE_TESTABILITY = YES;
				GCC_C_LANGUAGE_STANDARD = gnu11;
				GCC_DYNAMIC_NO_PIC = NO;
				GCC_NO_COMMON_BLOCKS = YES;
				GCC_OPTIMIZATION_LEVEL = 0;
				GCC_PREPROCESSOR_DEFINITIONS = (
					"DEBUG=1",
					"$(inherited)",
				);
				GCC_WARN_64_TO_32_BIT_CONVERSION = YES;
				GCC_WARN_ABOUT_RETURN_TYPE = YES_ERROR;
				GCC_WARN_UNDECLARED_SELECTOR = YES;
				GCC_WARN_UNINITIALIZED_AUTOS = YES_AGGRESSIVE;
				GCC_WARN_UNUSED_FUNCTION = YES;
				GCC_WARN_UNUSED_VARIABLE = YES;
				IPHONEOS_DEPLOYMENT_TARGET = 13.2;
				MTL_ENABLE_DEBUG_INFO = INCLUDE_SOURCE;
				MTL_FAST_MATH = YES;
				ONLY_ACTIVE_ARCH = YES;
				SDKROOT = iphoneos;
				SWIFT_ACTIVE_COMPILATION_CONDITIONS = DEBUG;
				SWIFT_OPTIMIZATION_LEVEL = "-Onone";
			};
			name = Debug;
		};
		92DA594423E3FCC0002B571D /* Release */ = {
			isa = XCBuildConfiguration;
			buildSettings = {
				ALWAYS_SEARCH_USER_PATHS = NO;
				CLANG_ANALYZER_NONNULL = YES;
				CLANG_ANALYZER_NUMBER_OBJECT_CONVERSION = YES_AGGRESSIVE;
				CLANG_CXX_LANGUAGE_STANDARD = "gnu++14";
				CLANG_CXX_LIBRARY = "libc++";
				CLANG_ENABLE_MODULES = YES;
				CLANG_ENABLE_OBJC_ARC = YES;
				CLANG_ENABLE_OBJC_WEAK = YES;
				CLANG_WARN_BLOCK_CAPTURE_AUTORELEASING = YES;
				CLANG_WARN_BOOL_CONVERSION = YES;
				CLANG_WARN_COMMA = YES;
				CLANG_WARN_CONSTANT_CONVERSION = YES;
				CLANG_WARN_DEPRECATED_OBJC_IMPLEMENTATIONS = YES;
				CLANG_WARN_DIRECT_OBJC_ISA_USAGE = YES_ERROR;
				CLANG_WARN_DOCUMENTATION_COMMENTS = YES;
				CLANG_WARN_EMPTY_BODY = YES;
				CLANG_WARN_ENUM_CONVERSION = YES;
				CLANG_WARN_INFINITE_RECURSION = YES;
				CLANG_WARN_INT_CONVERSION = YES;
				CLANG_WARN_NON_LITERAL_NULL_CONVERSION = YES;
				CLANG_WARN_OBJC_IMPLICIT_RETAIN_SELF = YES;
				CLANG_WARN_OBJC_LITERAL_CONVERSION = YES;
				CLANG_WARN_OBJC_ROOT_CLASS = YES_ERROR;
				CLANG_WARN_RANGE_LOOP_ANALYSIS = YES;
				CLANG_WARN_STRICT_PROTOTYPES = YES;
				CLANG_WARN_SUSPICIOUS_MOVE = YES;
				CLANG_WARN_UNGUARDED_AVAILABILITY = YES_AGGRESSIVE;
				CLANG_WARN_UNREACHABLE_CODE = YES;
				CLANG_WARN__DUPLICATE_METHOD_MATCH = YES;
				COPY_PHASE_STRIP = NO;
				DEBUG_INFORMATION_FORMAT = "dwarf-with-dsym";
				ENABLE_NS_ASSERTIONS = NO;
				ENABLE_STRICT_OBJC_MSGSEND = YES;
				GCC_C_LANGUAGE_STANDARD = gnu11;
				GCC_NO_COMMON_BLOCKS = YES;
				GCC_WARN_64_TO_32_BIT_CONVERSION = YES;
				GCC_WARN_ABOUT_RETURN_TYPE = YES_ERROR;
				GCC_WARN_UNDECLARED_SELECTOR = YES;
				GCC_WARN_UNINITIALIZED_AUTOS = YES_AGGRESSIVE;
				GCC_WARN_UNUSED_FUNCTION = YES;
				GCC_WARN_UNUSED_VARIABLE = YES;
				IPHONEOS_DEPLOYMENT_TARGET = 13.2;
				MTL_ENABLE_DEBUG_INFO = NO;
				MTL_FAST_MATH = YES;
				SDKROOT = iphoneos;
				SWIFT_COMPILATION_MODE = wholemodule;
				SWIFT_OPTIMIZATION_LEVEL = "-O";
				VALIDATE_PRODUCT = YES;
			};
			name = Release;
		};
		92DA594623E3FCC0002B571D /* Debug */ = {
			isa = XCBuildConfiguration;
			buildSettings = {
				ASSETCATALOG_COMPILER_APPICON_NAME = AppIcon;
				CODE_SIGN_STYLE = Automatic;
				DEVELOPMENT_ASSET_PATHS = "\"Learning/Preview Content\"";
				ENABLE_PREVIEWS = YES;
				INFOPLIST_FILE = Learning/Info.plist;
				LD_RUNPATH_SEARCH_PATHS = (
					"$(inherited)",
					"@executable_path/Frameworks",
				);
				PRODUCT_BUNDLE_IDENTIFIER = com.pizza.Learning;
				PRODUCT_NAME = "$(TARGET_NAME)";
				SWIFT_VERSION = 5.0;
				TARGETED_DEVICE_FAMILY = "1,2";
			};
			name = Debug;
		};
		92DA594723E3FCC0002B571D /* Release */ = {
			isa = XCBuildConfiguration;
			buildSettings = {
				ASSETCATALOG_COMPILER_APPICON_NAME = AppIcon;
				CODE_SIGN_STYLE = Automatic;
				DEVELOPMENT_ASSET_PATHS = "\"Learning/Preview Content\"";
				ENABLE_PREVIEWS = YES;
				INFOPLIST_FILE = Learning/Info.plist;
				LD_RUNPATH_SEARCH_PATHS = (
					"$(inherited)",
					"@executable_path/Frameworks",
				);
				PRODUCT_BUNDLE_IDENTIFIER = com.pizza.Learning;
				PRODUCT_NAME = "$(TARGET_NAME)";
				SWIFT_VERSION = 5.0;
				TARGETED_DEVICE_FAMILY = "1,2";
			};
			name = Release;
		};
		92DA594923E3FCC0002B571D /* Debug */ = {
			isa = XCBuildConfiguration;
			buildSettings = {
				ALWAYS_EMBED_SWIFT_STANDARD_LIBRARIES = YES;
				BUNDLE_LOADER = "$(TEST_HOST)";
				CODE_SIGN_STYLE = Automatic;
				INFOPLIST_FILE = LearningTests/Info.plist;
				IPHONEOS_DEPLOYMENT_TARGET = 13.2;
				LD_RUNPATH_SEARCH_PATHS = (
					"$(inherited)",
					"@executable_path/Frameworks",
					"@loader_path/Frameworks",
				);
				PRODUCT_BUNDLE_IDENTIFIER = com.pizza.LearningTests;
				PRODUCT_NAME = "$(TARGET_NAME)";
				SWIFT_VERSION = 5.0;
				TARGETED_DEVICE_FAMILY = "1,2";
				TEST_HOST = "$(BUILT_PRODUCTS_DIR)/Learning.app/Learning";
			};
			name = Debug;
		};
		92DA594A23E3FCC0002B571D /* Release */ = {
			isa = XCBuildConfiguration;
			buildSettings = {
				ALWAYS_EMBED_SWIFT_STANDARD_LIBRARIES = YES;
				BUNDLE_LOADER = "$(TEST_HOST)";
				CODE_SIGN_STYLE = Automatic;
				INFOPLIST_FILE = LearningTests/Info.plist;
				IPHONEOS_DEPLOYMENT_TARGET = 13.2;
				LD_RUNPATH_SEARCH_PATHS = (
					"$(inherited)",
					"@executable_path/Frameworks",
					"@loader_path/Frameworks",
				);
				PRODUCT_BUNDLE_IDENTIFIER = com.pizza.LearningTests;
				PRODUCT_NAME = "$(TARGET_NAME)";
				SWIFT_VERSION = 5.0;
				TARGETED_DEVICE_FAMILY = "1,2";
				TEST_HOST = "$(BUILT_PRODUCTS_DIR)/Learning.app/Learning";
			};
			name = Release;
		};
		92DA594C23E3FCC0002B571D /* Debug */ = {
			isa = XCBuildConfiguration;
			buildSettings = {
				ALWAYS_EMBED_SWIFT_STANDARD_LIBRARIES = YES;
				CODE_SIGN_STYLE = Automatic;
				INFOPLIST_FILE = LearningUITests/Info.plist;
				LD_RUNPATH_SEARCH_PATHS = (
					"$(inherited)",
					"@executable_path/Frameworks",
					"@loader_path/Frameworks",
				);
				PRODUCT_BUNDLE_IDENTIFIER = com.pizza.LearningUITests;
				PRODUCT_NAME = "$(TARGET_NAME)";
				SWIFT_VERSION = 5.0;
				TARGETED_DEVICE_FAMILY = "1,2";
				TEST_TARGET_NAME = Learning;
			};
			name = Debug;
		};
		92DA594D23E3FCC0002B571D /* Release */ = {
			isa = XCBuildConfiguration;
			buildSettings = {
				ALWAYS_EMBED_SWIFT_STANDARD_LIBRARIES = YES;
				CODE_SIGN_STYLE = Automatic;
				INFOPLIST_FILE = LearningUITests/Info.plist;
				LD_RUNPATH_SEARCH_PATHS = (
					"$(inherited)",
					"@executable_path/Frameworks",
					"@loader_path/Frameworks",
				);
				PRODUCT_BUNDLE_IDENTIFIER = com.pizza.LearningUITests;
				PRODUCT_NAME = "$(TARGET_NAME)";
				SWIFT_VERSION = 5.0;
				TARGETED_DEVICE_FAMILY = "1,2";
				TEST_TARGET_NAME = Learning;
			};
			name = Release;
		};
/* End XCBuildConfiguration section */

/* Begin XCConfigurationList section */
		92DA591623E3FCBB002B571D /* Build configuration list for PBXProject "Learning" */ = {
			isa = XCConfigurationList;
			buildConfigurations = (
				92DA594323E3FCC0002B571D /* Debug */,
				92DA594423E3FCC0002B571D /* Release */,
			);
			defaultConfigurationIsVisible = 0;
			defaultConfigurationName = Release;
		};
		92DA594523E3FCC0002B571D /* Build configuration list for PBXNativeTarget "Learning" */ = {
			isa = XCConfigurationList;
			buildConfigurations = (
				92DA594623E3FCC0002B571D /* Debug */,
				92DA594723E3FCC0002B571D /* Release */,
			);
			defaultConfigurationIsVisible = 0;
			defaultConfigurationName = Release;
		};
		92DA594823E3FCC0002B571D /* Build configuration list for PBXNativeTarget "LearningTests" */ = {
			isa = XCConfigurationList;
			buildConfigurations = (
				92DA594923E3FCC0002B571D /* Debug */,
				92DA594A23E3FCC0002B571D /* Release */,
			);
			defaultConfigurationIsVisible = 0;
			defaultConfigurationName = Release;
		};
		92DA594B23E3FCC0002B571D /* Build configuration list for PBXNativeTarget "LearningUITests" */ = {
			isa = XCConfigurationList;
			buildConfigurations = (
				92DA594C23E3FCC0002B571D /* Debug */,
				92DA594D23E3FCC0002B571D /* Release */,
			);
			defaultConfigurationIsVisible = 0;
			defaultConfigurationName = Release;
		};
/* End XCConfigurationList section */
	};
	rootObject = 92DA591323E3FCBB002B571D /* Project object */;
}
